
Microsoft Visual Studio Solution File, Format Version 12.00
# Visual Studio Version 17
VisualStudioVersion = 17.10.34928.147
MinimumVisualStudioVersion = 10.0.40219.1
Project("{2150E333-8FDC-42A3-9474-1A3956D46DE8}") = "Sort", "Sort", "{6668DFA5-FB8B-4BFB-A601-3F5A2B295FCB}"
EndProject
Project("{2150E333-8FDC-42A3-9474-1A3956D46DE8}") = "Search", "Search", "{DCF92B47-12BF-4BA9-B1FF-A86959692703}"
EndProject
Project("{2150E333-8FDC-42A3-9474-1A3956D46DE8}") = "DataStructures", "DataStructures", "{7171ADA5-812B-43B4-B5E6-CF0408790A1F}"
EndProject
Project("{2150E333-8FDC-42A3-9474-1A3956D46DE8}") = "OtherAlgorithms", "OtherAlgorithms", "{A5DBA041-51D0-4284-9F32-D5B9710A0B72}"
EndProject
Project("{9A19103F-16F7-4668-BE54-9A1E7A4F7556}") = "BubbleSort", "Sort\BubbleSort\BubbleSort.csproj", "{0C991B44-0928-4276-B05E-122107FF71B6}"
EndProject
Project("{9A19103F-16F7-4668-BE54-9A1E7A4F7556}") = "CocktailSort", "Sort\CocktailSort\CocktailSort.csproj", "{1342E713-2B21-4CBE-8237-DC4B5011B65B}"
EndProject
Project("{9A19103F-16F7-4668-BE54-9A1E7A4F7556}") = "InsertionSort", "Sort\InsertionSort\InsertionSort.csproj", "{8118D09E-53A4-4AD5-A964-93311B8C6010}"
EndProject
Project("{9A19103F-16F7-4668-BE54-9A1E7A4F7556}") = "QuickSort", "Sort\QuickSort\QuickSort.csproj", "{96A4DA1C-C6E8-4BB3-8DF4-9BE9131A6F5F}"
EndProject
Project("{9A19103F-16F7-4668-BE54-9A1E7A4F7556}") = "SelectionSort", "Sort\SelectionSort\SelectionSort.csproj", "{7B05E83C-D24C-40CD-A365-EB4A11992019}"
EndProject
Project("{9A19103F-16F7-4668-BE54-9A1E7A4F7556}") = "SelectionSortWithSecondArray", "Sort\SelectionSortWithSecondArray\SelectionSortWithSecondArray.csproj", "{D6E420AA-4612-489D-807E-A1EAFB96002E}"
EndProject
Project("{9A19103F-16F7-4668-BE54-9A1E7A4F7556}") = "ShellSort", "Sort\ShellSort\ShellSort.csproj", "{1A843A52-286C-47BB-90D3-C8A1DEDA4FAE}"
EndProject
Project("{9A19103F-16F7-4668-BE54-9A1E7A4F7556}") = "BinarySearch", "Search\BinarySearch\BinarySearch.csproj", "{7BD4D683-3C2E-46C3-9B39-45E2D70D2886}"
EndProject
Project("{9A19103F-16F7-4668-BE54-9A1E7A4F7556}") = "Stack_BracketExample", "DataStructures\Stack_BracketExample\Stack_BracketExample.csproj", "{4F5374F7-7DAE-47A5-8F34-A8E0EAB6F074}"
EndProject
Project("{9A19103F-16F7-4668-BE54-9A1E7A4F7556}") = "Recursion_TreeTraversal", "OtherAlgorithms\Recursion_TreeTraversal\Recursion_TreeTraversal.csproj", "{DEE55579-D4F5-49BE-AD09-5C36151C0F93}"
EndProject
Project("{2150E333-8FDC-42A3-9474-1A3956D46DE8}") = "Элементы решения", "Элементы решения", "{11A32334-0A5C-44D2-AB86-07519F02EF78}"
	ProjectSection(SolutionItems) = preProject
		README.md = README.md
	EndProjectSection
EndProject
Project("{9A19103F-16F7-4668-BE54-9A1E7A4F7556}") = "TreeSort", "Sort\TreeSort\TreeSort.csproj", "{AEEB2904-229A-4E1A-853C-B18EF04341DC}"
EndProject
Project("{9A19103F-16F7-4668-BE54-9A1E7A4F7556}") = "HeapSort", "Sort\HeapSort\HeapSort.csproj", "{7E4E75AC-256F-440F-B974-2207439BA062}"
EndProject
Project("{FAE04EC0-301F-11D3-BF4B-00C04F79EFBC}") = "MergeSort", "Sort\MergeSort\MergeSort.csproj", "{2D8A2EC7-5EC9-476D-974E-0A941B4D78FE}"
EndProject
Global
	GlobalSection(SolutionConfigurationPlatforms) = preSolution
		Debug|Any CPU = Debug|Any CPU
		Release|Any CPU = Release|Any CPU
	EndGlobalSection
	GlobalSection(ProjectConfigurationPlatforms) = postSolution
		{0C991B44-0928-4276-B05E-122107FF71B6}.Debug|Any CPU.ActiveCfg = Debug|Any CPU
		{0C991B44-0928-4276-B05E-122107FF71B6}.Debug|Any CPU.Build.0 = Debug|Any CPU
		{0C991B44-0928-4276-B05E-122107FF71B6}.Release|Any CPU.ActiveCfg = Release|Any CPU
		{0C991B44-0928-4276-B05E-122107FF71B6}.Release|Any CPU.Build.0 = Release|Any CPU
		{1342E713-2B21-4CBE-8237-DC4B5011B65B}.Debug|Any CPU.ActiveCfg = Debug|Any CPU
		{1342E713-2B21-4CBE-8237-DC4B5011B65B}.Debug|Any CPU.Build.0 = Debug|Any CPU
		{1342E713-2B21-4CBE-8237-DC4B5011B65B}.Release|Any CPU.ActiveCfg = Release|Any CPU
		{1342E713-2B21-4CBE-8237-DC4B5011B65B}.Release|Any CPU.Build.0 = Release|Any CPU
		{8118D09E-53A4-4AD5-A964-93311B8C6010}.Debug|Any CPU.ActiveCfg = Debug|Any CPU
		{8118D09E-53A4-4AD5-A964-93311B8C6010}.Debug|Any CPU.Build.0 = Debug|Any CPU
		{8118D09E-53A4-4AD5-A964-93311B8C6010}.Release|Any CPU.ActiveCfg = Release|Any CPU
		{8118D09E-53A4-4AD5-A964-93311B8C6010}.Release|Any CPU.Build.0 = Release|Any CPU
		{96A4DA1C-C6E8-4BB3-8DF4-9BE9131A6F5F}.Debug|Any CPU.ActiveCfg = Debug|Any CPU
		{96A4DA1C-C6E8-4BB3-8DF4-9BE9131A6F5F}.Debug|Any CPU.Build.0 = Debug|Any CPU
		{96A4DA1C-C6E8-4BB3-8DF4-9BE9131A6F5F}.Release|Any CPU.ActiveCfg = Release|Any CPU
		{96A4DA1C-C6E8-4BB3-8DF4-9BE9131A6F5F}.Release|Any CPU.Build.0 = Release|Any CPU
		{7B05E83C-D24C-40CD-A365-EB4A11992019}.Debug|Any CPU.ActiveCfg = Debug|Any CPU
		{7B05E83C-D24C-40CD-A365-EB4A11992019}.Debug|Any CPU.Build.0 = Debug|Any CPU
		{7B05E83C-D24C-40CD-A365-EB4A11992019}.Release|Any CPU.ActiveCfg = Release|Any CPU
		{7B05E83C-D24C-40CD-A365-EB4A11992019}.Release|Any CPU.Build.0 = Release|Any CPU
		{D6E420AA-4612-489D-807E-A1EAFB96002E}.Debug|Any CPU.ActiveCfg = Debug|Any CPU
		{D6E420AA-4612-489D-807E-A1EAFB96002E}.Debug|Any CPU.Build.0 = Debug|Any CPU
		{D6E420AA-4612-489D-807E-A1EAFB96002E}.Release|Any CPU.ActiveCfg = Release|Any CPU
		{D6E420AA-4612-489D-807E-A1EAFB96002E}.Release|Any CPU.Build.0 = Release|Any CPU
		{1A843A52-286C-47BB-90D3-C8A1DEDA4FAE}.Debug|Any CPU.ActiveCfg = Debug|Any CPU
		{1A843A52-286C-47BB-90D3-C8A1DEDA4FAE}.Debug|Any CPU.Build.0 = Debug|Any CPU
		{1A843A52-286C-47BB-90D3-C8A1DEDA4FAE}.Release|Any CPU.ActiveCfg = Release|Any CPU
		{1A843A52-286C-47BB-90D3-C8A1DEDA4FAE}.Release|Any CPU.Build.0 = Release|Any CPU
		{7BD4D683-3C2E-46C3-9B39-45E2D70D2886}.Debug|Any CPU.ActiveCfg = Debug|Any CPU
		{7BD4D683-3C2E-46C3-9B39-45E2D70D2886}.Debug|Any CPU.Build.0 = Debug|Any CPU
		{7BD4D683-3C2E-46C3-9B39-45E2D70D2886}.Release|Any CPU.ActiveCfg = Release|Any CPU
		{7BD4D683-3C2E-46C3-9B39-45E2D70D2886}.Release|Any CPU.Build.0 = Release|Any CPU
		{4F5374F7-7DAE-47A5-8F34-A8E0EAB6F074}.Debug|Any CPU.ActiveCfg = Debug|Any CPU
		{4F5374F7-7DAE-47A5-8F34-A8E0EAB6F074}.Debug|Any CPU.Build.0 = Debug|Any CPU
		{4F5374F7-7DAE-47A5-8F34-A8E0EAB6F074}.Release|Any CPU.ActiveCfg = Release|Any CPU
		{4F5374F7-7DAE-47A5-8F34-A8E0EAB6F074}.Release|Any CPU.Build.0 = Release|Any CPU
		{DEE55579-D4F5-49BE-AD09-5C36151C0F93}.Debug|Any CPU.ActiveCfg = Debug|Any CPU
		{DEE55579-D4F5-49BE-AD09-5C36151C0F93}.Debug|Any CPU.Build.0 = Debug|Any CPU
		{DEE55579-D4F5-49BE-AD09-5C36151C0F93}.Release|Any CPU.ActiveCfg = Release|Any CPU
		{DEE55579-D4F5-49BE-AD09-5C36151C0F93}.Release|Any CPU.Build.0 = Release|Any CPU
		{AEEB2904-229A-4E1A-853C-B18EF04341DC}.Debug|Any CPU.ActiveCfg = Debug|Any CPU
		{AEEB2904-229A-4E1A-853C-B18EF04341DC}.Debug|Any CPU.Build.0 = Debug|Any CPU
		{AEEB2904-229A-4E1A-853C-B18EF04341DC}.Release|Any CPU.ActiveCfg = Release|Any CPU
		{AEEB2904-229A-4E1A-853C-B18EF04341DC}.Release|Any CPU.Build.0 = Release|Any CPU
		{7E4E75AC-256F-440F-B974-2207439BA062}.Debug|Any CPU.ActiveCfg = Debug|Any CPU
		{7E4E75AC-256F-440F-B974-2207439BA062}.Debug|Any CPU.Build.0 = Debug|Any CPU
		{7E4E75AC-256F-440F-B974-2207439BA062}.Release|Any CPU.ActiveCfg = Release|Any CPU
		{7E4E75AC-256F-440F-B974-2207439BA062}.Release|Any CPU.Build.0 = Release|Any CPU
		{2D8A2EC7-5EC9-476D-974E-0A941B4D78FE}.Debug|Any CPU.ActiveCfg = Debug|Any CPU
		{2D8A2EC7-5EC9-476D-974E-0A941B4D78FE}.Debug|Any CPU.Build.0 = Debug|Any CPU
		{2D8A2EC7-5EC9-476D-974E-0A941B4D78FE}.Release|Any CPU.ActiveCfg = Release|Any CPU
		{2D8A2EC7-5EC9-476D-974E-0A941B4D78FE}.Release|Any CPU.Build.0 = Release|Any CPU
	EndGlobalSection
	GlobalSection(SolutionProperties) = preSolution
		HideSolutionNode = FALSE
	EndGlobalSection
	GlobalSection(NestedProjects) = preSolution
		{0C991B44-0928-4276-B05E-122107FF71B6} = {6668DFA5-FB8B-4BFB-A601-3F5A2B295FCB}
		{1342E713-2B21-4CBE-8237-DC4B5011B65B} = {6668DFA5-FB8B-4BFB-A601-3F5A2B295FCB}
		{8118D09E-53A4-4AD5-A964-93311B8C6010} = {6668DFA5-FB8B-4BFB-A601-3F5A2B295FCB}
		{96A4DA1C-C6E8-4BB3-8DF4-9BE9131A6F5F} = {6668DFA5-FB8B-4BFB-A601-3F5A2B295FCB}
		{7B05E83C-D24C-40CD-A365-EB4A11992019} = {6668DFA5-FB8B-4BFB-A601-3F5A2B295FCB}
		{D6E420AA-4612-489D-807E-A1EAFB96002E} = {6668DFA5-FB8B-4BFB-A601-3F5A2B295FCB}
		{1A843A52-286C-47BB-90D3-C8A1DEDA4FAE} = {6668DFA5-FB8B-4BFB-A601-3F5A2B295FCB}
		{7BD4D683-3C2E-46C3-9B39-45E2D70D2886} = {DCF92B47-12BF-4BA9-B1FF-A86959692703}
		{4F5374F7-7DAE-47A5-8F34-A8E0EAB6F074} = {7171ADA5-812B-43B4-B5E6-CF0408790A1F}
		{DEE55579-D4F5-49BE-AD09-5C36151C0F93} = {A5DBA041-51D0-4284-9F32-D5B9710A0B72}
		{AEEB2904-229A-4E1A-853C-B18EF04341DC} = {6668DFA5-FB8B-4BFB-A601-3F5A2B295FCB}
		{7E4E75AC-256F-440F-B974-2207439BA062} = {6668DFA5-FB8B-4BFB-A601-3F5A2B295FCB}
		{2D8A2EC7-5EC9-476D-974E-0A941B4D78FE} = {6668DFA5-FB8B-4BFB-A601-3F5A2B295FCB}
	EndGlobalSection
	GlobalSection(ExtensibilityGlobals) = postSolution
		SolutionGuid = {188B048E-D0AF-46F6-B959-A8E64FAADAFD}
	EndGlobalSection
EndGlobal
